PODS:
  - connectivity_plus (0.0.1):
    - Flutter
    - ReachabilitySwift
  - Flutter (1.0.0)
  - flutter_keyboard_visibility (0.0.1):
    - Flutter
  - flutter_native_splash (0.0.1):
    - Flutter
  - flutter_secure_storage (6.0.0):
    - Flutter
  - fluttertoast (0.0.2):
    - Flutter
    - Toast
  - local_auth_darwin (0.0.1):
    - Flutter
  - package_info_plus (0.4.5):
    - Flutter
  - path_provider_foundation (0.0.1):
    - Flutter
    - FlutterMacOS
  - ReachabilitySwift (5.0.0)
  - secure_application (0.0.1):
    - Flutter
  - Toast (4.1.0)
  - url_launcher_ios (0.0.1):
    - Flutter

DEPENDENCIES:
  - connectivity_plus (from `.symlinks/plugins/connectivity_plus/ios`)
  - Flutter (from `Flutter`)
  - flutter_keyboard_visibility (from `.symlinks/plugins/flutter_keyboard_visibility/ios`)
  - flutter_native_splash (from `.symlinks/plugins/flutter_native_splash/ios`)
  - flutter_secure_storage (from `.symlinks/plugins/flutter_secure_storage/ios`)
  - fluttertoast (from `.symlinks/plugins/fluttertoast/ios`)
  - local_auth_darwin (from `.symlinks/plugins/local_auth_darwin/darwin`)
  - package_info_plus (from `.symlinks/plugins/package_info_plus/ios`)
  - path_provider_foundation (from `.symlinks/plugins/path_provider_foundation/darwin`)
  - secure_application (from `.symlinks/plugins/secure_application/ios`)
  - url_launcher_ios (from `.symlinks/plugins/url_launcher_ios/ios`)

SPEC REPOS:
  trunk:
    - ReachabilitySwift
    - Toast

EXTERNAL SOURCES:
  connectivity_plus:
    :path: ".symlinks/plugins/connectivity_plus/ios"
  Flutter:
    :path: Flutter
  flutter_keyboard_visibility:
    :path: ".symlinks/plugins/flutter_keyboard_visibility/ios"
  flutter_native_splash:
    :path: ".symlinks/plugins/flutter_native_splash/ios"
  flutter_secure_storage:
    :path: ".symlinks/plugins/flutter_secure_storage/ios"
  fluttertoast:
    :path: ".symlinks/plugins/fluttertoast/ios"
  local_auth_darwin:
    :path: ".symlinks/plugins/local_auth_darwin/darwin"
  package_info_plus:
    :path: ".symlinks/plugins/package_info_plus/ios"
  path_provider_foundation:
    :path: ".symlinks/plugins/path_provider_foundation/darwin"
  secure_application:
    :path: ".symlinks/plugins/secure_application/ios"
  url_launcher_ios:
    :path: ".symlinks/plugins/url_launcher_ios/ios"

SPEC CHECKSUMS:
  connectivity_plus: bf0076dd84a130856aa636df1c71ccaff908fa1d
  Flutter: e0871f40cf51350855a761d2e70bf5af5b9b5de7
  flutter_keyboard_visibility: 0339d06371254c3eb25eeb90ba8d17dca8f9c069
  flutter_native_splash: 52501b97d1c0a5f898d687f1646226c1f93c56ef
  flutter_secure_storage: 23fc622d89d073675f2eaa109381aefbcf5a49be
  fluttertoast: fafc4fa4d01a6a9e4f772ecd190ffa525e9e2d9c
  local_auth_darwin: c7e464000a6a89e952235699e32b329457608d98
  package_info_plus: 115f4ad11e0698c8c1c5d8a689390df880f47e85
  path_provider_foundation: 3784922295ac71e43754bd15e0653ccfd36a147c
  ReachabilitySwift: 985039c6f7b23a1da463388634119492ff86c825
  secure_application: 27d424e8c2e770f63e38e280b5a51f921aa9b0c8
  Toast: ec33c32b8688982cecc6348adeae667c1b9938da
  url_launcher_ios: 6116280ddcfe98ab8820085d8d76ae7449447586

PODFILE CHECKSUM: 4e8f8b2be68aeea4c0d5beb6ff1e79fface1d048

COCOAPODS: 1.12.1
